
Microsoft Visual Studio Solution File, Format Version 12.00
# Visual Studio Version 16
VisualStudioVersion = 16.0.34031.81
MinimumVisualStudioVersion = 10.0.40219.1
Project("{FAE04EC0-301F-11D3-BF4B-00C04F79EFBC}") = "63CNTT4N2", "63CNTT4N2\63CNTT4N2.csproj", "{43406778-D72C-4CF3-8F88-1D2090CE5B7F}"
EndProject
Project("{FAE04EC0-301F-11D3-BF4B-00C04F79EFBC}") = "MyClass", "MyClass\MyClass.csproj", "{479DBF8C-AAC3-4470-9738-A1FAE13F367D}"
EndProject
Global
	GlobalSection(SolutionConfigurationPlatforms) = preSolution
		Debug|Any CPU = Debug|Any CPU
		Release|Any CPU = Release|Any CPU
	EndGlobalSection
	GlobalSection(ProjectConfigurationPlatforms) = postSolution
		{43406778-D72C-4CF3-8F88-1D2090CE5B7F}.Debug|Any CPU.ActiveCfg = Debug|Any CPU
		{43406778-D72C-4CF3-8F88-1D2090CE5B7F}.Debug|Any CPU.Build.0 = Debug|Any CPU
		{43406778-D72C-4CF3-8F88-1D2090CE5B7F}.Release|Any CPU.ActiveCfg = Release|Any CPU
		{43406778-D72C-4CF3-8F88-1D2090CE5B7F}.Release|Any CPU.Build.0 = Release|Any CPU
		{479DBF8C-AAC3-4470-9738-A1FAE13F367D}.Debug|Any CPU.ActiveCfg = Debug|Any CPU
		{479DBF8C-AAC3-4470-9738-A1FAE13F367D}.Debug|Any CPU.Build.0 = Debug|Any CPU
		{479DBF8C-AAC3-4470-9738-A1FAE13F367D}.Release|Any CPU.ActiveCfg = Release|Any CPU
		{479DBF8C-AAC3-4470-9738-A1FAE13F367D}.Release|Any CPU.Build.0 = Release|Any CPU
	EndGlobalSection
	GlobalSection(SolutionProperties) = preSolution
		HideSolutionNode = FALSE
	EndGlobalSection
	GlobalSection(ExtensibilityGlobals) = postSolution
		SolutionGuid = {CDBA2685-639B-4BE4-B5B8-7FAA86FB0317}
	EndGlobalSection
EndGlobal
